# THIS IS AN AUTOGENERATED FILE. DO NOT EDIT THIS FILE DIRECTLY.
# yarn lockfile v1


"@esbuild/android-arm64@0.18.20":
  version "0.18.20"
  resolved "https://registry.yarnpkg.com/@esbuild/android-arm64/-/android-arm64-0.18.20.tgz#984b4f9c8d0377443cc2dfcef266d02244593622"
  integrity sha512-Nz4rJcchGDtENV0eMKUNa6L12zz2zBDXuhj/Vjh18zGqB44Bi7MBMSXjgunJgjRhCmKOjnPuZp4Mb6OKqtMHLQ==

"@esbuild/android-arm@0.18.20":
  version "0.18.20"
  resolved "https://registry.yarnpkg.com/@esbuild/android-arm/-/android-arm-0.18.20.tgz#fedb265bc3a589c84cc11f810804f234947c3682"
  integrity sha512-fyi7TDI/ijKKNZTUJAQqiG5T7YjJXgnzkURqmGj13C6dCqckZBLdl4h7bkhHt/t0WP+zO9/zwroDvANaOqO5Sw==

"@esbuild/android-x64@0.18.20":
  version "0.18.20"
  resolved "https://registry.yarnpkg.com/@esbuild/android-x64/-/android-x64-0.18.20.tgz#35cf419c4cfc8babe8893d296cd990e9e9f756f2"
  integrity sha512-8GDdlePJA8D6zlZYJV/jnrRAi6rOiNaCC/JclcXpB+KIuvfBN4owLtgzY2bsxnx666XjJx2kDPUmnTtR8qKQUg==

"@esbuild/darwin-arm64@0.18.20":
  version "0.18.20"
  resolved "https://registry.yarnpkg.com/@esbuild/darwin-arm64/-/darwin-arm64-0.18.20.tgz#08172cbeccf95fbc383399a7f39cfbddaeb0d7c1"
  integrity sha512-bxRHW5kHU38zS2lPTPOyuyTm+S+eobPUnTNkdJEfAddYgEcll4xkT8DB9d2008DtTbl7uJag2HuE5NZAZgnNEA==

"@esbuild/darwin-x64@0.18.20":
  version "0.18.20"
  resolved "https://registry.yarnpkg.com/@esbuild/darwin-x64/-/darwin-x64-0.18.20.tgz#d70d5790d8bf475556b67d0f8b7c5bdff053d85d"
  integrity sha512-pc5gxlMDxzm513qPGbCbDukOdsGtKhfxD1zJKXjCCcU7ju50O7MeAZ8c4krSJcOIJGFR+qx21yMMVYwiQvyTyQ==

"@esbuild/freebsd-arm64@0.18.20":
  version "0.18.20"
  resolved "https://registry.yarnpkg.com/@esbuild/freebsd-arm64/-/freebsd-arm64-0.18.20.tgz#98755cd12707f93f210e2494d6a4b51b96977f54"
  integrity sha512-yqDQHy4QHevpMAaxhhIwYPMv1NECwOvIpGCZkECn8w2WFHXjEwrBn3CeNIYsibZ/iZEUemj++M26W3cNR5h+Tw==

"@esbuild/freebsd-x64@0.18.20":
  version "0.18.20"
  resolved "https://registry.yarnpkg.com/@esbuild/freebsd-x64/-/freebsd-x64-0.18.20.tgz#c1eb2bff03915f87c29cece4c1a7fa1f423b066e"
  integrity sha512-tgWRPPuQsd3RmBZwarGVHZQvtzfEBOreNuxEMKFcd5DaDn2PbBxfwLcj4+aenoh7ctXcbXmOQIn8HI6mCSw5MQ==

"@esbuild/linux-arm64@0.18.20":
  version "0.18.20"
  resolved "https://registry.yarnpkg.com/@esbuild/linux-arm64/-/linux-arm64-0.18.20.tgz#bad4238bd8f4fc25b5a021280c770ab5fc3a02a0"
  integrity sha512-2YbscF+UL7SQAVIpnWvYwM+3LskyDmPhe31pE7/aoTMFKKzIc9lLbyGUpmmb8a8AixOL61sQ/mFh3jEjHYFvdA==

"@esbuild/linux-arm@0.18.20":
  version "0.18.20"
  resolved "https://registry.yarnpkg.com/@esbuild/linux-arm/-/linux-arm-0.18.20.tgz#3e617c61f33508a27150ee417543c8ab5acc73b0"
  integrity sha512-/5bHkMWnq1EgKr1V+Ybz3s1hWXok7mDFUMQ4cG10AfW3wL02PSZi5kFpYKrptDsgb2WAJIvRcDm+qIvXf/apvg==

"@esbuild/linux-ia32@0.18.20":
  version "0.18.20"
  resolved "https://registry.yarnpkg.com/@esbuild/linux-ia32/-/linux-ia32-0.18.20.tgz#699391cccba9aee6019b7f9892eb99219f1570a7"
  integrity sha512-P4etWwq6IsReT0E1KHU40bOnzMHoH73aXp96Fs8TIT6z9Hu8G6+0SHSw9i2isWrD2nbx2qo5yUqACgdfVGx7TA==

"@esbuild/linux-loong64@0.18.20":
  version "0.18.20"
  resolved "https://registry.yarnpkg.com/@esbuild/linux-loong64/-/linux-loong64-0.18.20.tgz#e6fccb7aac178dd2ffb9860465ac89d7f23b977d"
  integrity sha512-nXW8nqBTrOpDLPgPY9uV+/1DjxoQ7DoB2N8eocyq8I9XuqJ7BiAMDMf9n1xZM9TgW0J8zrquIb/A7s3BJv7rjg==

"@esbuild/linux-mips64el@0.18.20":
  version "0.18.20"
  resolved "https://registry.yarnpkg.com/@esbuild/linux-mips64el/-/linux-mips64el-0.18.20.tgz#eeff3a937de9c2310de30622a957ad1bd9183231"
  integrity sha512-d5NeaXZcHp8PzYy5VnXV3VSd2D328Zb+9dEq5HE6bw6+N86JVPExrA6O68OPwobntbNJ0pzCpUFZTo3w0GyetQ==

"@esbuild/linux-ppc64@0.18.20":
  version "0.18.20"
  resolved "https://registry.yarnpkg.com/@esbuild/linux-ppc64/-/linux-ppc64-0.18.20.tgz#2f7156bde20b01527993e6881435ad79ba9599fb"
  integrity sha512-WHPyeScRNcmANnLQkq6AfyXRFr5D6N2sKgkFo2FqguP44Nw2eyDlbTdZwd9GYk98DZG9QItIiTlFLHJHjxP3FA==

"@esbuild/linux-riscv64@0.18.20":
  version "0.18.20"
  resolved "https://registry.yarnpkg.com/@esbuild/linux-riscv64/-/linux-riscv64-0.18.20.tgz#6628389f210123d8b4743045af8caa7d4ddfc7a6"
  integrity sha512-WSxo6h5ecI5XH34KC7w5veNnKkju3zBRLEQNY7mv5mtBmrP/MjNBCAlsM2u5hDBlS3NGcTQpoBvRzqBcRtpq1A==

"@esbuild/linux-s390x@0.18.20":
  version "0.18.20"
  resolved "https://registry.yarnpkg.com/@esbuild/linux-s390x/-/linux-s390x-0.18.20.tgz#255e81fb289b101026131858ab99fba63dcf0071"
  integrity sha512-+8231GMs3mAEth6Ja1iK0a1sQ3ohfcpzpRLH8uuc5/KVDFneH6jtAJLFGafpzpMRO6DzJ6AvXKze9LfFMrIHVQ==

"@esbuild/linux-x64@0.18.20":
  version "0.18.20"
  resolved "https://registry.yarnpkg.com/@esbuild/linux-x64/-/linux-x64-0.18.20.tgz#c7690b3417af318a9b6f96df3031a8865176d338"
  integrity sha512-UYqiqemphJcNsFEskc73jQ7B9jgwjWrSayxawS6UVFZGWrAAtkzjxSqnoclCXxWtfwLdzU+vTpcNYhpn43uP1w==

"@esbuild/netbsd-x64@0.18.20":
  version "0.18.20"
  resolved "https://registry.yarnpkg.com/@esbuild/netbsd-x64/-/netbsd-x64-0.18.20.tgz#30e8cd8a3dded63975e2df2438ca109601ebe0d1"
  integrity sha512-iO1c++VP6xUBUmltHZoMtCUdPlnPGdBom6IrO4gyKPFFVBKioIImVooR5I83nTew5UOYrk3gIJhbZh8X44y06A==

"@esbuild/openbsd-x64@0.18.20":
  version "0.18.20"
  resolved "https://registry.yarnpkg.com/@esbuild/openbsd-x64/-/openbsd-x64-0.18.20.tgz#7812af31b205055874c8082ea9cf9ab0da6217ae"
  integrity sha512-e5e4YSsuQfX4cxcygw/UCPIEP6wbIL+se3sxPdCiMbFLBWu0eiZOJ7WoD+ptCLrmjZBK1Wk7I6D/I3NglUGOxg==

"@esbuild/sunos-x64@0.18.20":
  version "0.18.20"
  resolved "https://registry.yarnpkg.com/@esbuild/sunos-x64/-/sunos-x64-0.18.20.tgz#d5c275c3b4e73c9b0ecd38d1ca62c020f887ab9d"
  integrity sha512-kDbFRFp0YpTQVVrqUd5FTYmWo45zGaXe0X8E1G/LKFC0v8x0vWrhOWSLITcCn63lmZIxfOMXtCfti/RxN/0wnQ==

"@esbuild/win32-arm64@0.18.20":
  version "0.18.20"
  resolved "https://registry.yarnpkg.com/@esbuild/win32-arm64/-/win32-arm64-0.18.20.tgz#73bc7f5a9f8a77805f357fab97f290d0e4820ac9"
  integrity sha512-ddYFR6ItYgoaq4v4JmQQaAI5s7npztfV4Ag6NrhiaW0RrnOXqBkgwZLofVTlq1daVTQNhtI5oieTvkRPfZrePg==

"@esbuild/win32-ia32@0.18.20":
  version "0.18.20"
  resolved "https://registry.yarnpkg.com/@esbuild/win32-ia32/-/win32-ia32-0.18.20.tgz#ec93cbf0ef1085cc12e71e0d661d20569ff42102"
  integrity sha512-Wv7QBi3ID/rROT08SABTS7eV4hX26sVduqDOTe1MvGMjNd3EjOz4b7zeexIR62GTIEKrfJXKL9LFxTYgkyeu7g==

"@esbuild/win32-x64@0.18.20":
  version "0.18.20"
  resolved "https://registry.yarnpkg.com/@esbuild/win32-x64/-/win32-x64-0.18.20.tgz#786c5f41f043b07afb1af37683d7c33668858f6d"
  integrity sha512-kTdfRcSiDfQca/y9QIkng02avJ+NCaQvrMejlsB3RRv5sE9rRoeBPISaZpKxHELzRxZyLvNts1P27W3wV+8geQ==

"@rerun-io/web-viewer@0.11.0":
  version "0.11.0"
  resolved "https://registry.yarnpkg.com/@rerun-io/web-viewer/-/web-viewer-0.11.0.tgz#04f028a3adb5963da4b7d4d9de0149b63c59e813"
  integrity sha512-5EMIZO7TXopIS61sTtL/8ANxsHKiFEyY+KAj5oO1zwh3a1SMCGZgg2NG0UenVE5DlLQ0EE/1cRlAo+HbVFUW5w==

"@rollup/plugin-virtual@^3.0.2":
  version "3.0.2"
  resolved "https://registry.yarnpkg.com/@rollup/plugin-virtual/-/plugin-virtual-3.0.2.tgz#17e17eeecb4c9fa1c0a6e72c9e5f66382fddbb82"
  integrity sha512-10monEYsBp3scM4/ND4LNH5Rxvh3e/cVeL3jWTgZ2SrQ+BmUoQcopVQvnaMcOnykb1VkxUFuDAN+0FnpTFRy2A==

"@swc/core-darwin-arm64@1.4.17":
  version "1.4.17"
  resolved "https://registry.yarnpkg.com/@swc/core-darwin-arm64/-/core-darwin-arm64-1.4.17.tgz#e62fa7f247bdd1c0c50a3f99722da4dd098c7c67"
  integrity sha512-HVl+W4LezoqHBAYg2JCqR+s9ife9yPfgWSj37iIawLWzOmuuJ7jVdIB7Ee2B75bEisSEKyxRlTl6Y1Oq3owBgw==

"@swc/core-darwin-arm64@1.5.24":
  version "1.5.24"
  resolved "https://registry.yarnpkg.com/@swc/core-darwin-arm64/-/core-darwin-arm64-1.5.24.tgz#71875695bc617e57c2d93352f48317b4c41e0240"
  integrity sha512-M7oLOcC0sw+UTyAuL/9uyB9GeO4ZpaBbH76JSH6g1m0/yg7LYJZGRmplhDmwVSDAR5Fq4Sjoi1CksmmGkgihGA==

"@swc/core-darwin-x64@1.4.17":
  version "1.4.17"
  resolved "https://registry.yarnpkg.com/@swc/core-darwin-x64/-/core-darwin-x64-1.4.17.tgz#1145cbb7575e317204ed3a7d0274bd26fe9ffab6"
  integrity sha512-WYRO9Fdzq4S/he8zjW5I95G1zcvyd9yyD3Tgi4/ic84P5XDlSMpBDpBLbr/dCPjmSg7aUXxNQqKqGkl6dQxYlA==

"@swc/core-darwin-x64@1.5.24":
  version "1.5.24"
  resolved "https://registry.yarnpkg.com/@swc/core-darwin-x64/-/core-darwin-x64-1.5.24.tgz#6b4c3eb9b21ab50b7324a82c9497ffeb2e8e0a57"
  integrity sha512-MfcFjGGYognpSBSos2pYUNYJSmqEhuw5ceGr6qAdME7ddbjGXliza4W6FggsM+JnWwpqa31+e7/R+GetW4WkaQ==

"@swc/core-linux-arm-gnueabihf@1.4.17":
  version "1.4.17"
  resolved "https://registry.yarnpkg.com/@swc/core-linux-arm-gnueabihf/-/core-linux-arm-gnueabihf-1.4.17.tgz#7145b3ada5cf9b748eaacbc9a7c7037ba0fb26bb"
  integrity sha512-cgbvpWOvtMH0XFjvwppUCR+Y+nf6QPaGu6AQ5hqCP+5Lv2zO5PG0RfasC4zBIjF53xgwEaaWmGP5/361P30X8Q==

"@swc/core-linux-arm-gnueabihf@1.5.24":
  version "1.5.24"
  resolved "https://registry.yarnpkg.com/@swc/core-linux-arm-gnueabihf/-/core-linux-arm-gnueabihf-1.5.24.tgz#5730ed6ad86afe4ee8df04ee6f21430daead186c"
  integrity sha512-amI2pwtcWV3E/m/nf+AQtn1LWDzKLZyjCmWd3ms7QjEueWYrY8cU1Y4Wp7wNNsxIoPOi8zek1Uj2wwFD/pttNQ==

"@swc/core-linux-arm64-gnu@1.4.17":
  version "1.4.17"
  resolved "https://registry.yarnpkg.com/@swc/core-linux-arm64-gnu/-/core-linux-arm64-gnu-1.4.17.tgz#5c0833ef132af17bd3cbdf2253f35b57c0cf62bb"
  integrity sha512-l7zHgaIY24cF9dyQ/FOWbmZDsEj2a9gRFbmgx2u19e3FzOPuOnaopFj0fRYXXKCmtdx+anD750iBIYnTR+pq/Q==

"@swc/core-linux-arm64-gnu@1.5.24":
  version "1.5.24"
  resolved "https://registry.yarnpkg.com/@swc/core-linux-arm64-gnu/-/core-linux-arm64-gnu-1.5.24.tgz#0a2478e8601391aa88f82bfece1dbc60d27cbcfd"
  integrity sha512-sTSvmqMmgT1ynH/nP75Pc51s+iT4crZagHBiDOf5cq+kudUYjda9lWMs7xkXB/TUKFHPCRK0HGunl8bkwiIbuw==

"@swc/core-linux-arm64-musl@1.4.17":
  version "1.4.17"
  resolved "https://registry.yarnpkg.com/@swc/core-linux-arm64-musl/-/core-linux-arm64-musl-1.4.17.tgz#5bfe81eb23c905f04b669a7d2b060a147a263483"
  integrity sha512-qhH4gr9gAlVk8MBtzXbzTP3BJyqbAfUOATGkyUtohh85fPXQYuzVlbExix3FZXTwFHNidGHY8C+ocscI7uDaYw==

"@swc/core-linux-arm64-musl@1.5.24":
  version "1.5.24"
  resolved "https://registry.yarnpkg.com/@swc/core-linux-arm64-musl/-/core-linux-arm64-musl-1.5.24.tgz#e0199092dc611ca75f8a92dcea17de44e38f3fbf"
  integrity sha512-vd2/hfOBGbrX21FxsFdXCUaffjkHvlZkeE2UMRajdXifwv79jqOHIJg3jXG1F3ZrhCghCzirFts4tAZgcG8XWg==

"@swc/core-linux-x64-gnu@1.4.17":
  version "1.4.17"
  resolved "https://registry.yarnpkg.com/@swc/core-linux-x64-gnu/-/core-linux-x64-gnu-1.4.17.tgz#a0c19bc9635e86ebd1c7f8e9e026503d1a1bf83d"
  integrity sha512-vRDFATL1oN5oZMImkwbgSHEkp8xG1ofEASBypze01W1Tqto8t+yo6gsp69wzCZBlxldsvPpvFZW55Jq0Rn+UnA==

"@swc/core-linux-x64-gnu@1.5.24":
  version "1.5.24"
  resolved "https://registry.yarnpkg.com/@swc/core-linux-x64-gnu/-/core-linux-x64-gnu-1.5.24.tgz#1fe347c9f28457c593f2fda5b0d4904a2b105ecd"
  integrity sha512-Zrdzi7NqzQxm2BvAG5KyOSBEggQ7ayrxh599AqqevJmsUXJ8o2nMiWQOBvgCGp7ye+Biz3pvZn1EnRzAp+TpUg==

"@swc/core-linux-x64-musl@1.4.17":
  version "1.4.17"
  resolved "https://registry.yarnpkg.com/@swc/core-linux-x64-musl/-/core-linux-x64-musl-1.4.17.tgz#2179b9536235a3b02a46997ddb1c178dfadf1667"
  integrity sha512-zQNPXAXn3nmPqv54JVEN8k2JMEcMTQ6veVuU0p5O+A7KscJq+AGle/7ZQXzpXSfUCXlLMX4wvd+rwfGhh3J4cw==

"@swc/core-linux-x64-musl@1.5.24":
  version "1.5.24"
  resolved "https://registry.yarnpkg.com/@swc/core-linux-x64-musl/-/core-linux-x64-musl-1.5.24.tgz#bf6ac583fac211d704d2d78cfd0b7bf751268f5e"
  integrity sha512-1F8z9NRi52jdZQCGc5sflwYSctL6omxiVmIFVp8TC9nngjQKc00TtX/JC2Eo2HwvgupkFVl5YQJidAck9YtmJw==

"@swc/core-win32-arm64-msvc@1.4.17":
  version "1.4.17"
  resolved "https://registry.yarnpkg.com/@swc/core-win32-arm64-msvc/-/core-win32-arm64-msvc-1.4.17.tgz#3004a431c836c6b16b4660ea2425dde467a8ee36"
  integrity sha512-z86n7EhOwyzxwm+DLE5NoLkxCTme2lq7QZlDjbQyfCxOt6isWz8rkW5QowTX8w9Rdmk34ncrjSLvnHOeLY17+w==

"@swc/core-win32-arm64-msvc@1.5.24":
  version "1.5.24"
  resolved "https://registry.yarnpkg.com/@swc/core-win32-arm64-msvc/-/core-win32-arm64-msvc-1.5.24.tgz#41b9faf4db69cc08a43c3a176df2a7b94d765637"
  integrity sha512-cKpP7KvS6Xr0jFSTBXY53HZX/YfomK5EMQYpCVDOvfsZeYHN20sQSKXfpVLvA/q2igVt1zzy1XJcOhpJcgiKLg==

"@swc/core-win32-ia32-msvc@1.4.17":
  version "1.4.17"
  resolved "https://registry.yarnpkg.com/@swc/core-win32-ia32-msvc/-/core-win32-ia32-msvc-1.4.17.tgz#59155485d5307fb2a267e5acb215e0f440b6f48f"
  integrity sha512-JBwuSTJIgiJJX6wtr4wmXbfvOswHFj223AumUrK544QV69k60FJ9q2adPW9Csk+a8wm1hLxq4HKa2K334UHJ/g==

"@swc/core-win32-ia32-msvc@1.5.24":
  version "1.5.24"
  resolved "https://registry.yarnpkg.com/@swc/core-win32-ia32-msvc/-/core-win32-ia32-msvc-1.5.24.tgz#e123ad00e3b28d567d3851a86697fb3c54ed817a"
  integrity sha512-IoPWfi0iwqjZuf7gE223+B97/ZwkKbu7qL5KzGP7g3hJrGSKAvv7eC5Y9r2iKKtLKyv5R/T6Ho0kFR/usi7rHw==

"@swc/core-win32-x64-msvc@1.4.17":
  version "1.4.17"
  resolved "https://registry.yarnpkg.com/@swc/core-win32-x64-msvc/-/core-win32-x64-msvc-1.4.17.tgz#b98f25fc277fb0e319f25f9fd00a82023662716b"
  integrity sha512-jFkOnGQamtVDBm3MF5Kq1lgW8vx4Rm1UvJWRUfg+0gx7Uc3Jp3QMFeMNw/rDNQYRDYPG3yunCC+2463ycd5+dg==

"@swc/core-win32-x64-msvc@1.5.24":
  version "1.5.24"
  resolved "https://registry.yarnpkg.com/@swc/core-win32-x64-msvc/-/core-win32-x64-msvc-1.5.24.tgz#21fb87b1981253039e6d45255e31a875f446e397"
  integrity sha512-zHgF2k1uVJL8KIW+PnVz1To4a3Cz9THbh2z2lbehaF/gKHugH4c3djBozU4das1v35KOqf5jWIEviBLql2wDLQ==

"@swc/core@1.4.17":
  version "1.4.17"
  resolved "https://registry.yarnpkg.com/@swc/core/-/core-1.4.17.tgz#3ea4180fa5c54282b284006a6de1263ef1cf887f"
  integrity sha512-tq+mdWvodMBNBBZbwFIMTVGYHe9N7zvEaycVVjfvAx20k1XozHbHhRv+9pEVFJjwRxLdXmtvFZd3QZHRAOpoNQ==
  dependencies:
    "@swc/counter" "^0.1.2"
    "@swc/types" "^0.1.5"
  optionalDependencies:
    "@swc/core-darwin-arm64" "1.4.17"
    "@swc/core-darwin-x64" "1.4.17"
    "@swc/core-linux-arm-gnueabihf" "1.4.17"
    "@swc/core-linux-arm64-gnu" "1.4.17"
    "@swc/core-linux-arm64-musl" "1.4.17"
    "@swc/core-linux-x64-gnu" "1.4.17"
    "@swc/core-linux-x64-musl" "1.4.17"
    "@swc/core-win32-arm64-msvc" "1.4.17"
    "@swc/core-win32-ia32-msvc" "1.4.17"
    "@swc/core-win32-x64-msvc" "1.4.17"

"@swc/core@^1.3.100":
  version "1.5.24"
  resolved "https://registry.yarnpkg.com/@swc/core/-/core-1.5.24.tgz#9ecb4601cb6a4fb19f227ec5fb59d07e23347dca"
  integrity sha512-Eph9zvO4xvqWZGVzTdtdEJ0Vqf0VIML/o/e4Qd2RLOqtfgnlRi7avmMu5C0oqciJ0tk+hqdUKVUZ4JPoPaiGvQ==
  dependencies:
    "@swc/counter" "^0.1.3"
    "@swc/types" "^0.1.7"
  optionalDependencies:
    "@swc/core-darwin-arm64" "1.5.24"
    "@swc/core-darwin-x64" "1.5.24"
    "@swc/core-linux-arm-gnueabihf" "1.5.24"
    "@swc/core-linux-arm64-gnu" "1.5.24"
    "@swc/core-linux-arm64-musl" "1.5.24"
    "@swc/core-linux-x64-gnu" "1.5.24"
    "@swc/core-linux-x64-musl" "1.5.24"
    "@swc/core-win32-arm64-msvc" "1.5.24"
    "@swc/core-win32-ia32-msvc" "1.5.24"
    "@swc/core-win32-x64-msvc" "1.5.24"

"@swc/counter@^0.1.2", "@swc/counter@^0.1.3":
  version "0.1.3"
  resolved "https://registry.yarnpkg.com/@swc/counter/-/counter-0.1.3.tgz#cc7463bd02949611c6329596fccd2b0ec782b0e9"
  integrity sha512-e2BR4lsJkkRlKZ/qCHPw9ZaSxc0MVUd7gtbtaB7aMvHeJVYe8sOB8DBZkP2DtISHGSku9sCK6T6cnY0CtXrOCQ==

"@swc/types@^0.1.5", "@swc/types@^0.1.7":
  version "0.1.7"
  resolved "https://registry.yarnpkg.com/@swc/types/-/types-0.1.7.tgz#ea5d658cf460abff51507ca8d26e2d391bafb15e"
  integrity sha512-scHWahbHF0eyj3JsxG9CFJgFdFNaVQCNAimBlT6PzS3n/HptxqREjsm4OH6AN3lYcffZYSPxXW8ua2BEHp0lJQ==
  dependencies:
    "@swc/counter" "^0.1.3"

esbuild@^0.18.10:
  version "0.18.20"
  resolved "https://registry.yarnpkg.com/esbuild/-/esbuild-0.18.20.tgz#4709f5a34801b43b799ab7d6d82f7284a9b7a7a6"
  integrity sha512-ceqxoedUrcayh7Y7ZX6NdbbDzGROiyVBgC4PriJThBKSVPWnnFHZAkfI1lJT8QFkOwH4qOS2SJkS4wvpGl8BpA==
  optionalDependencies:
    "@esbuild/android-arm" "0.18.20"
    "@esbuild/android-arm64" "0.18.20"
    "@esbuild/android-x64" "0.18.20"
    "@esbuild/darwin-arm64" "0.18.20"
    "@esbuild/darwin-x64" "0.18.20"
    "@esbuild/freebsd-arm64" "0.18.20"
    "@esbuild/freebsd-x64" "0.18.20"
    "@esbuild/linux-arm" "0.18.20"
    "@esbuild/linux-arm64" "0.18.20"
    "@esbuild/linux-ia32" "0.18.20"
    "@esbuild/linux-loong64" "0.18.20"
    "@esbuild/linux-mips64el" "0.18.20"
    "@esbuild/linux-ppc64" "0.18.20"
    "@esbuild/linux-riscv64" "0.18.20"
    "@esbuild/linux-s390x" "0.18.20"
    "@esbuild/linux-x64" "0.18.20"
    "@esbuild/netbsd-x64" "0.18.20"
    "@esbuild/openbsd-x64" "0.18.20"
    "@esbuild/sunos-x64" "0.18.20"
    "@esbuild/win32-arm64" "0.18.20"
    "@esbuild/win32-ia32" "0.18.20"
    "@esbuild/win32-x64" "0.18.20"

fsevents@~2.3.2:
  version "2.3.3"
  resolved "https://registry.yarnpkg.com/fsevents/-/fsevents-2.3.3.tgz#cac6407785d03675a2a5e1a5305c697b347d90d6"
  integrity sha512-5xoDfX+fL7faATnagmWPpbFtwh/R77WmMMqqHGS65C3vvB0YHrgF+B1YmZ3441tMj5n63k0212XNoJwzlhffQw==

nanoid@^3.3.7:
  version "3.3.7"
  resolved "https://registry.yarnpkg.com/nanoid/-/nanoid-3.3.7.tgz#d0c301a691bc8d54efa0a2226ccf3fe2fd656bd8"
  integrity sha512-eSRppjcPIatRIMC1U6UngP8XFcz8MQWGQdt1MTBQ7NaAmvXDfvNxbvWV3x2y6CdEUciCSsDHDQZbhYaB8QEo2g==

picocolors@^1.0.0:
  version "1.0.1"
  resolved "https://registry.yarnpkg.com/picocolors/-/picocolors-1.0.1.tgz#a8ad579b571952f0e5d25892de5445bcfe25aaa1"
  integrity sha512-anP1Z8qwhkbmu7MFP5iTt+wQKXgwzf7zTyGlcdzabySa9vd0Xt392U0rVmz9poOaBj0uHJKyyo9/upk0HrEQew==

postcss@^8.4.27:
  version "8.4.38"
  resolved "https://registry.yarnpkg.com/postcss/-/postcss-8.4.38.tgz#b387d533baf2054288e337066d81c6bee9db9e0e"
  integrity sha512-Wglpdk03BSfXkHoQa3b/oulrotAkwrlLDRSOb9D0bN86FdRyE9lppSp33aHNPgBa0JKCoB+drFLZkQoRRYae5A==
  dependencies:
    nanoid "^3.3.7"
    picocolors "^1.0.0"
    source-map-js "^1.2.0"

rollup@^3.27.1:
  version "3.29.4"
  resolved "https://registry.yarnpkg.com/rollup/-/rollup-3.29.4.tgz#4d70c0f9834146df8705bfb69a9a19c9e1109981"
  integrity sha512-oWzmBZwvYrU0iJHtDmhsm662rC15FRXmcjCk1xD771dFDx5jJ02ufAQQTn0etB2emNk4J9EZg/yWKpsn9BWGRw==
  optionalDependencies:
    fsevents "~2.3.2"

source-map-js@^1.2.0:
  version "1.2.0"
  resolved "https://registry.yarnpkg.com/source-map-js/-/source-map-js-1.2.0.tgz#16b809c162517b5b8c3e7dcd315a2a5c2612b2af"
  integrity sha512-itJW8lvSA0TXEphiRoawsCksnlf8SyvmFzIhltqAHluXd88pkCd+cXJVHTDwdCr0IzwptSm035IHQktUu1QUMg==

typescript@^5.0.2:
  version "5.4.5"
  resolved "https://registry.yarnpkg.com/typescript/-/typescript-5.4.5.tgz#42ccef2c571fdbd0f6718b1d1f5e6e5ef006f611"
  integrity sha512-vcI4UpRgg81oIRUFwR0WSIHKt11nJ7SAVlYNIu+QpqeyXP+gpQJy/Z4+F0aGxSE4MqwjyXvW/TzgkLAx2AGHwQ==

uuid@^9.0.1:
  version "9.0.1"
  resolved "https://registry.yarnpkg.com/uuid/-/uuid-9.0.1.tgz#e188d4c8853cc722220392c424cd637f32293f30"
  integrity sha512-b+1eJOlsR9K8HJpow9Ok3fiWOWSIcIzXodvv0rQjVoOVNpWMpxf1wZNpt4y9h10odCNrqnYp1OBzRktckBe3sA==

vite-plugin-top-level-await@^1.4.1:
  version "1.4.1"
  resolved "https://registry.yarnpkg.com/vite-plugin-top-level-await/-/vite-plugin-top-level-await-1.4.1.tgz#607dfe084157550fa33df18062b99ceea774cd9c"
  integrity sha512-hogbZ6yT7+AqBaV6lK9JRNvJDn4/IJvHLu6ET06arNfo0t2IsyCaon7el9Xa8OumH+ESuq//SDf8xscZFE0rWw==
  dependencies:
    "@rollup/plugin-virtual" "^3.0.2"
    "@swc/core" "^1.3.100"
    uuid "^9.0.1"

vite-plugin-wasm@^3.3.0:
  version "3.3.0"
  resolved "https://registry.yarnpkg.com/vite-plugin-wasm/-/vite-plugin-wasm-3.3.0.tgz#2908ef2529bf8f33f4e549c8c6fda26ad273ca15"
  integrity sha512-tVhz6w+W9MVsOCHzxo6SSMSswCeIw4HTrXEi6qL3IRzATl83jl09JVO1djBqPSwfjgnpVHNLYcaMbaDX5WB/pg==

vite@^4.5.1:
  version "4.5.3"
  resolved "https://registry.yarnpkg.com/vite/-/vite-4.5.3.tgz#d88a4529ea58bae97294c7e2e6f0eab39a50fb1a"
  integrity sha512-kQL23kMeX92v3ph7IauVkXkikdDRsYMGTVl5KY2E9OY4ONLvkHf04MDTbnfo6NKxZiDLWzVpP5oTa8hQD8U3dg==
  dependencies:
    esbuild "^0.18.10"
    postcss "^8.4.27"
    rollup "^3.27.1"
  optionalDependencies:
    fsevents "~2.3.2"
